hash: a0b3c8cfeb8b1a8b564e1710f214acff1da50bcdd1be8f58437c5915b18bdd71
updated: 2018-08-07T20:55:12.095872-06:00
imports:
- name: github.com/dogenzaka/tsv
  version: 8e02e611b1fb06f657b075f37e8770db156a101a
- name: github.com/ghodss/yaml
  version: 0ca9ea5df5451ffdf184b4428c902747c2c11cd7
- name: github.com/hashicorp/terraform
  version: 41e50bd32a8825a84535e353c3674af8ce799161
  subpackages:
  - helper/schema
  - plugin
  - terraform
- name: github.com/tdewolff/minify
  version: 8d72a4127ae33b755e95bffede9b92e396267ce2
  subpackages:
  - json
- name: github.com/tdewolff/parse
  version: c7248c06ec341eb47cf9feb37855d3cf64097a9c
  subpackages:
  - buffer
  - json
  - strconv
- name: golang.org/x/text
  version: ece95c760240037f89ebcbdd7155ac8cb52e38fa
  subpackages:
  - transform
  - unicode/norm
- name: gopkg.in/yaml.v2
  version: 5420a8b6744d3b0345ab293f6fcba19c978f1183
testImports: []
